
Microsoft Visual Studio Solution File, Format Version 12.00
# Visual Studio Version 17
VisualStudioVersion = 17.6.33815.320
MinimumVisualStudioVersion = 10.0.40219.1
Project("{FAE04EC0-301F-11D3-BF4B-00C04F79EFBC}") = "WebApplication1", "WebApplication1.csproj", "{634A229D-3916-4E9A-BB0B-A6D98DAA0363}"
EndProject
Global
	GlobalSection(SolutionConfigurationPlatforms) = preSolution
		Debug|Any CPU = Debug|Any CPU
		Release|Any CPU = Release|Any CPU
	EndGlobalSection
	GlobalSection(ProjectConfigurationPlatforms) = postSolution
		{634A229D-3916-4E9A-BB0B-A6D98DAA0363}.Debug|Any CPU.ActiveCfg = Debug|Any CPU
		{634A229D-3916-4E9A-BB0B-A6D98DAA0363}.Debug|Any CPU.Build.0 = Debug|Any CPU
		{634A229D-3916-4E9A-BB0B-A6D98DAA0363}.Release|Any CPU.ActiveCfg = Release|Any CPU
		{634A229D-3916-4E9A-BB0B-A6D98DAA0363}.Release|Any CPU.Build.0 = Release|Any CPU
	EndGlobalSection
	GlobalSection(SolutionProperties) = preSolution
		HideSolutionNode = FALSE
	EndGlobalSection
	GlobalSection(ExtensibilityGlobals) = postSolution
		SolutionGuid = {8652B052-4309-4822-B4B2-2821EBFBD0A1}
	EndGlobalSection
EndGlobal
